
Microsoft Visual Studio Solution File, Format Version 12.00
# Visual Studio Version 17
VisualStudioVersion = 17.5.33414.496
MinimumVisualStudioVersion = 10.0.40219.1
Project("{FAE04EC0-301F-11D3-BF4B-00C04F79EFBC}") = "PaySpaceTaxCalculatorClient", "PaySpaceTaxCalculatorClient\PaySpaceTaxCalculatorClient.csproj", "{A7606AE8-B58F-4341-A904-D39E2999A291}"
EndProject
Project("{FAE04EC0-301F-11D3-BF4B-00C04F79EFBC}") = "PaySpaceTaxCalculatorClient.BLL", "PaySpaceTaxCalculatorClient.BLL\PaySpaceTaxCalculatorClient.BLL.csproj", "{B3AFF348-4C86-4709-A1CE-5C278564E15D}"
EndProject
Global
	GlobalSection(SolutionConfigurationPlatforms) = preSolution
		Debug|Any CPU = Debug|Any CPU
		Release|Any CPU = Release|Any CPU
	EndGlobalSection
	GlobalSection(ProjectConfigurationPlatforms) = postSolution
		{A7606AE8-B58F-4341-A904-D39E2999A291}.Debug|Any CPU.ActiveCfg = Debug|Any CPU
		{A7606AE8-B58F-4341-A904-D39E2999A291}.Debug|Any CPU.Build.0 = Debug|Any CPU
		{A7606AE8-B58F-4341-A904-D39E2999A291}.Release|Any CPU.ActiveCfg = Release|Any CPU
		{A7606AE8-B58F-4341-A904-D39E2999A291}.Release|Any CPU.Build.0 = Release|Any CPU
		{B3AFF348-4C86-4709-A1CE-5C278564E15D}.Debug|Any CPU.ActiveCfg = Debug|Any CPU
		{B3AFF348-4C86-4709-A1CE-5C278564E15D}.Debug|Any CPU.Build.0 = Debug|Any CPU
		{B3AFF348-4C86-4709-A1CE-5C278564E15D}.Release|Any CPU.ActiveCfg = Release|Any CPU
		{B3AFF348-4C86-4709-A1CE-5C278564E15D}.Release|Any CPU.Build.0 = Release|Any CPU
	EndGlobalSection
	GlobalSection(SolutionProperties) = preSolution
		HideSolutionNode = FALSE
	EndGlobalSection
	GlobalSection(ExtensibilityGlobals) = postSolution
		SolutionGuid = {B880C5D9-EC73-43A1-9FF1-AEF0E66C0486}
	EndGlobalSection
EndGlobal
